
Microsoft Visual Studio Solution File, Format Version 12.00
# Visual Studio 15
VisualStudioVersion = 15.0.26730.15
MinimumVisualStudioVersion = 10.0.40219.1
Project("{8BC9CEB8-8B4A-11D0-8D11-00A0C91BC942}") = "Diploma", "Diploma.vcxproj", "{AFFAABC2-707F-4CE0-87D1-CCA550249103}"
EndProject
Global
	GlobalSection(SolutionConfigurationPlatforms) = preSolution
		Debug|x64 = Debug|x64
		Release|x64 = Release|x64
	EndGlobalSection
	GlobalSection(ProjectConfigurationPlatforms) = postSolution
		{AFFAABC2-707F-4CE0-87D1-CCA550249103}.Debug|x64.ActiveCfg = Debug|x64
		{AFFAABC2-707F-4CE0-87D1-CCA550249103}.Debug|x64.Build.0 = Debug|x64
		{AFFAABC2-707F-4CE0-87D1-CCA550249103}.Release|x64.ActiveCfg = Release|x64
		{AFFAABC2-707F-4CE0-87D1-CCA550249103}.Release|x64.Build.0 = Release|x64
	EndGlobalSection
	GlobalSection(SolutionProperties) = preSolution
		HideSolutionNode = FALSE
	EndGlobalSection
	GlobalSection(ExtensibilityGlobals) = postSolution
		Qt5Version = $(DefaultQtVersion)
		SolutionGuid = {CE063E27-3D66-4AE1-A2AA-348A8BA580AE}
	EndGlobalSection
EndGlobal
